{
  "name": "clarity-agent-cli",
  "version": "0.2.0",
  "lockfileVersion": 3,
  "requires": true,
  "packages": {
    "": {
      "name": "clarity-agent-cli",
      "version": "0.2.0",
      "dependencies": {
        "clarity-lang": "github:clarity-llm-lang/clarity-compiler#main"
      },
      "bin": {
        "clarity-agent": "bin/clarity-agent.js",
        "clarity-hitl": "bin/clarity-agent.js"
      },
      "devDependencies": {
        "prettier": "^3.5.3"
      }
    },
    "node_modules/binaryen": {
      "version": "125.0.0",
      "resolved": "https://registry.npmjs.org/binaryen/-/binaryen-125.0.0.tgz",
      "integrity": "sha512-X7CUM9ZnwL/Ow++JH5AJKiemc82J7JyeryuPvXQdXBLcL/rqrC5KMUB1mHiORSolietH9sotvaOZlr6HSwPAlw==",
      "license": "Apache-2.0",
      "bin": {
        "wasm-as": "bin/wasm-as",
        "wasm-ctor-eval": "bin/wasm-ctor-eval",
        "wasm-dis": "bin/wasm-dis",
        "wasm-merge": "bin/wasm-merge",
        "wasm-metadce": "bin/wasm-metadce",
        "wasm-opt": "bin/wasm-opt",
        "wasm-reduce": "bin/wasm-reduce",
        "wasm-shell": "bin/wasm-shell",
        "wasm2js": "bin/wasm2js"
      }
    },
    "node_modules/chalk": {
      "version": "5.6.2",
      "resolved": "https://registry.npmjs.org/chalk/-/chalk-5.6.2.tgz",
      "integrity": "sha512-7NzBL0rN6fMUW+f7A6Io4h40qQlG+xGmtMxfbnH/K7TAtt8JQWVQK+6g0UXKMeVJoyV5EkkNsErQ8pVD3bLHbA==",
      "license": "MIT",
      "engines": {
        "node": "^12.17.0 || ^14.13 || >=16.0.0"
      },
      "funding": {
        "url": "https://github.com/chalk/chalk?sponsor=1"
      }
    },
    "node_modules/clarity-lang": {
      "version": "0.8.0",
      "resolved": "git+ssh://git@github.com/clarity-llm-lang/clarity-compiler.git#9057df6acd7d727fa838e5f83c8beef5b96de651",
      "license": "MIT",
      "dependencies": {
        "binaryen": "^125.0.0",
        "chalk": "^5.6.2",
        "commander": "^14.0.3"
      },
      "bin": {
        "clarityc": "dist/index.js"
      }
    },
    "node_modules/commander": {
      "version": "14.0.3",
      "resolved": "https://registry.npmjs.org/commander/-/commander-14.0.3.tgz",
      "integrity": "sha512-H+y0Jo/T1RZ9qPP4Eh1pkcQcLRglraJaSLoyOtHxu6AapkjWVCy2Sit1QQ4x3Dng8qDlSsZEet7g5Pq06MvTgw==",
      "license": "MIT",
      "engines": {
        "node": ">=20"
      }
    },
    "node_modules/prettier": {
      "version": "3.8.1",
      "resolved": "https://registry.npmjs.org/prettier/-/prettier-3.8.1.tgz",
      "integrity": "sha512-UOnG6LftzbdaHZcKoPFtOcCKztrQ57WkHDeRD9t/PTQtmT0NHSeWWepj6pS0z/N7+08BHFDQVUrfmfMRcZwbMg==",
      "dev": true,
      "license": "MIT",
      "bin": {
        "prettier": "bin/prettier.cjs"
      },
      "engines": {
        "node": ">=14"
      },
      "funding": {
        "url": "https://github.com/prettier/prettier?sponsor=1"
      }
    }
  }
}
